
Microsoft Visual Studio Solution File, Format Version 12.00
# Visual Studio Version 16
VisualStudioVersion = 16.0.29306.81
MinimumVisualStudioVersion = 10.0.40219.1
Project("{FAE04EC0-301F-11D3-BF4B-00C04F79EFBC}") = "picture", "picture.csproj", "{8D7D6557-25BA-40DA-BA71-5ADFC62BF098}"
EndProject
Global
	GlobalSection(SolutionConfigurationPlatforms) = preSolution
		Debug|Any CPU = Debug|Any CPU
		Release|Any CPU = Release|Any CPU
	EndGlobalSection
	GlobalSection(ProjectConfigurationPlatforms) = postSolution
		{8D7D6557-25BA-40DA-BA71-5ADFC62BF098}.Debug|Any CPU.ActiveCfg = Debug|Any CPU
		{8D7D6557-25BA-40DA-BA71-5ADFC62BF098}.Debug|Any CPU.Build.0 = Debug|Any CPU
		{8D7D6557-25BA-40DA-BA71-5ADFC62BF098}.Release|Any CPU.ActiveCfg = Release|Any CPU
		{8D7D6557-25BA-40DA-BA71-5ADFC62BF098}.Release|Any CPU.Build.0 = Release|Any CPU
	EndGlobalSection
	GlobalSection(SolutionProperties) = preSolution
		HideSolutionNode = FALSE
	EndGlobalSection
	GlobalSection(ExtensibilityGlobals) = postSolution
		SolutionGuid = {966CAB3C-B8E9-44B9-8DF0-8B9239C4CDD4}
	EndGlobalSection
EndGlobal
